// !$*UTF8*$!
{
	archiveVersion = 1;
	classes = {
	};
	objectVersion = 56;
	objects = {

/* Begin PBXBuildFile section */
		2E58B37729A6FFC100443DAA /* InstagramSwiftUIApp.swift in Sources */ = {isa = PBXBuildFile; fileRef = 2E58B37629A6FFC100443DAA /* InstagramSwiftUIApp.swift */; };
		2E58B37929A6FFC100443DAA /* ContentView.swift in Sources */ = {isa = PBXBuildFile; fileRef = 2E58B37829A6FFC100443DAA /* ContentView.swift */; };
		2E58B37B29A6FFC200443DAA /* Assets.xcassets in Resources */ = {isa = PBXBuildFile; fileRef = 2E58B37A29A6FFC200443DAA /* Assets.xcassets */; };
		2E58B37F29A6FFC200443DAA /* Preview Assets.xcassets in Resources */ = {isa = PBXBuildFile; fileRef = 2E58B37E29A6FFC200443DAA /* Preview Assets.xcassets */; };
		2E58B38929A6FFC200443DAA /* InstagramSwiftUITests.swift in Sources */ = {isa = PBXBuildFile; fileRef = 2E58B38829A6FFC200443DAA /* InstagramSwiftUITests.swift */; };
		2E58B39329A6FFC200443DAA /* InstagramSwiftUIUITests.swift in Sources */ = {isa = PBXBuildFile; fileRef = 2E58B39229A6FFC200443DAA /* InstagramSwiftUIUITests.swift */; };
		2E58B39529A6FFC200443DAA /* InstagramSwiftUIUITestsLaunchTests.swift in Sources */ = {isa = PBXBuildFile; fileRef = 2E58B39429A6FFC200443DAA /* InstagramSwiftUIUITestsLaunchTests.swift */; };
/* End PBXBuildFile section */

/* Begin PBXContainerItemProxy section */
		2E58B38529A6FFC200443DAA /* PBXContainerItemProxy */ = {
			isa = PBXContainerItemProxy;
			containerPortal = 2E58B36B29A6FFC100443DAA /* Project object */;
			proxyType = 1;
			remoteGlobalIDString = 2E58B37229A6FFC100443DAA;
			remoteInfo = InstagramSwiftUI;
		};
		2E58B38F29A6FFC200443DAA /* PBXContainerItemProxy */ = {
			isa = PBXContainerItemProxy;
			containerPortal = 2E58B36B29A6FFC100443DAA /* Project object */;
			proxyType = 1;
			remoteGlobalIDString = 2E58B37229A6FFC100443DAA;
			remoteInfo = InstagramSwiftUI;
		};
/* End PBXContainerItemProxy section */

/* Begin PBXFileReference section */
		2E58B37329A6FFC100443DAA /* InstagramSwiftUI.app */ = {isa = PBXFileReference; explicitFileType = wrapper.application; includeInIndex = 0; path = InstagramSwiftUI.app; sourceTree = BUILT_PRODUCTS_DIR; };
		2E58B37629A6FFC100443DAA /* InstagramSwiftUIApp.swift */ = {isa = PBXFileReference; lastKnownFileType = sourcecode.swift; path = InstagramSwiftUIApp.swift; sourceTree = "<group>"; };
		2E58B37829A6FFC100443DAA /* ContentView.swift */ = {isa = PBXFileReference; lastKnownFileType = sourcecode.swift; path = ContentView.swift; sourceTree = "<group>"; };
		2E58B37A29A6FFC200443DAA /* Assets.xcassets */ = {isa = PBXFileReference; lastKnownFileType = folder.assetcatalog; path = Assets.xcassets; sourceTree = "<group>"; };
		2E58B37C29A6FFC200443DAA /* InstagramSwiftUI.entitlements */ = {isa = PBXFileReference; lastKnownFileType = text.plist.entitlements; path = InstagramSwiftUI.entitlements; sourceTree = "<group>"; };
		2E58B37E29A6FFC200443DAA /* Preview Assets.xcassets */ = {isa = PBXFileReference; lastKnownFileType = folder.assetcatalog; path = "Preview Assets.xcassets"; sourceTree = "<group>"; };
		2E58B38429A6FFC200443DAA /* InstagramSwiftUITests.xctest */ = {isa = PBXFileReference; explicitFileType = wrapper.cfbundle; includeInIndex = 0; path = InstagramSwiftUITests.xctest; sourceTree = BUILT_PRODUCTS_DIR; };
		2E58B38829A6FFC200443DAA /* InstagramSwiftUITests.swift */ = {isa = PBXFileReference; lastKnownFileType = sourcecode.swift; path = InstagramSwiftUITests.swift; sourceTree = "<group>"; };
		2E58B38E29A6FFC200443DAA /* InstagramSwiftUIUITests.xctest */ = {isa = PBXFileReference; explicitFileType = wrapper.cfbundle; includeInIndex = 0; path = InstagramSwiftUIUITests.xctest; sourceTree = BUILT_PRODUCTS_DIR; };
		2E58B39229A6FFC200443DAA /* InstagramSwiftUIUITests.swift */ = {isa = PBXFileReference; lastKnownFileType = sourcecode.swift; path = InstagramSwiftUIUITests.swift; sourceTree = "<group>"; };
		2E58B39429A6FFC200443DAA /* InstagramSwiftUIUITestsLaunchTests.swift */ = {isa = PBXFileReference; lastKnownFileType = sourcecode.swift; path = InstagramSwiftUIUITestsLaunchTests.swift; sourceTree = "<group>"; };
/* End PBXFileReference section */

/* Begin PBXFrameworksBuildPhase section */
		2E58B37029A6FFC100443DAA /* Frameworks */ = {
			isa = PBXFrameworksBuildPhase;
			buildActionMask = 2147483647;
			files = (
			);
			runOnlyForDeploymentPostprocessing = 0;
		};
		2E58B38129A6FFC200443DAA /* Frameworks */ = {
			isa = PBXFrameworksBuildPhase;
			buildActionMask = 2147483647;
			files = (
			);
			runOnlyForDeploymentPostprocessing = 0;
		};
		2E58B38B29A6FFC200443DAA /* Frameworks */ = {
			isa = PBXFrameworksBuildPhase;
			buildActionMask = 2147483647;
			files = (
			);
			runOnlyForDeploymentPostprocessing = 0;
		};
/* End PBXFrameworksBuildPhase section */

/* Begin PBXGroup section */
		2E58B36A29A6FFC100443DAA = {
			isa = PBXGroup;
			children = (
				2E58B37529A6FFC100443DAA /* InstagramSwiftUI */,
				2E58B38729A6FFC200443DAA /* InstagramSwiftUITests */,
				2E58B39129A6FFC200443DAA /* InstagramSwiftUIUITests */,
				2E58B37429A6FFC100443DAA /* Products */,
			);
			sourceTree = "<group>";
		};
		2E58B37429A6FFC100443DAA /* Products */ = {
			isa = PBXGroup;
			children = (
				2E58B37329A6FFC100443DAA /* InstagramSwiftUI.app */,
				2E58B38429A6FFC200443DAA /* InstagramSwiftUITests.xctest */,
				2E58B38E29A6FFC200443DAA /* InstagramSwiftUIUITests.xctest */,
			);
			name = Products;
			sourceTree = "<group>";
		};
		2E58B37529A6FFC100443DAA /* InstagramSwiftUI */ = {
			isa = PBXGroup;
			children = (
				2E58B37629A6FFC100443DAA /* InstagramSwiftUIApp.swift */,
				2E58B37829A6FFC100443DAA /* ContentView.swift */,
				2E58B37A29A6FFC200443DAA /* Assets.xcassets */,
				2E58B37C29A6FFC200443DAA /* InstagramSwiftUI.entitlements */,
				2E58B37D29A6FFC200443DAA /* Preview Content */,
			);
			path = InstagramSwiftUI;
			sourceTree = "<group>";
		};
		2E58B37D29A6FFC200443DAA /* Preview Content */ = {
			isa = PBXGroup;
			children = (
				2E58B37E29A6FFC200443DAA /* Preview Assets.xcassets */,
			);
			path = "Preview Content";
			sourceTree = "<group>";
		};
		2E58B38729A6FFC200443DAA /* InstagramSwiftUITests */ = {
			isa = PBXGroup;
			children = (
				2E58B38829A6FFC200443DAA /* InstagramSwiftUITests.swift */,
			);
			path = InstagramSwiftUITests;
			sourceTree = "<group>";
		};
		2E58B39129A6FFC200443DAA /* InstagramSwiftUIUITests */ = {
			isa = PBXGroup;
			children = (
				2E58B39229A6FFC200443DAA /* InstagramSwiftUIUITests.swift */,
				2E58B39429A6FFC200443DAA /* InstagramSwiftUIUITestsLaunchTests.swift */,
			);
			path = InstagramSwiftUIUITests;
			sourceTree = "<group>";
		};
/* End PBXGroup section */

/* Begin PBXNativeTarget section */
		2E58B37229A6FFC100443DAA /* InstagramSwiftUI */ = {
			isa = PBXNativeTarget;
			buildConfigurationList = 2E58B39829A6FFC200443DAA /* Build configuration list for PBXNativeTarget "InstagramSwiftUI" */;
			buildPhases = (
				2E58B36F29A6FFC100443DAA /* Sources */,
				2E58B37029A6FFC100443DAA /* Frameworks */,
				2E58B37129A6FFC100443DAA /* Resources */,
			);
			buildRules = (
			);
			dependencies = (
			);
			name = InstagramSwiftUI;
			productName = InstagramSwiftUI;
			productReference = 2E58B37329A6FFC100443DAA /* InstagramSwiftUI.app */;
			productType = "com.apple.product-type.application";
		};
		2E58B38329A6FFC200443DAA /* InstagramSwiftUITests */ = {
			isa = PBXNativeTarget;
			buildConfigurationList = 2E58B39B29A6FFC200443DAA /* Build configuration list for PBXNativeTarget "InstagramSwiftUITests" */;
			buildPhases = (
				2E58B38029A6FFC200443DAA /* Sources */,
				2E58B38129A6FFC200443DAA /* Frameworks */,
				2E58B38229A6FFC200443DAA /* Resources */,
			);
			buildRules = (
			);
			dependencies = (
				2E58B38629A6FFC200443DAA /* PBXTargetDependency */,
			);
			name = InstagramSwiftUITests;
			productName = InstagramSwiftUITests;
			productReference = 2E58B38429A6FFC200443DAA /* InstagramSwiftUITests.xctest */;
			productType = "com.apple.product-type.bundle.unit-test";
		};
		2E58B38D29A6FFC200443DAA /* InstagramSwiftUIUITests */ = {
			isa = PBXNativeTarget;
			buildConfigurationList = 2E58B39E29A6FFC200443DAA /* Build configuration list for PBXNativeTarget "InstagramSwiftUIUITests" */;
			buildPhases = (
				2E58B38A29A6FFC200443DAA /* Sources */,
				2E58B38B29A6FFC200443DAA /* Frameworks */,
				2E58B38C29A6FFC200443DAA /* Resources */,
			);
			buildRules = (
			);
			dependencies = (
				2E58B39029A6FFC200443DAA /* PBXTargetDependency */,
			);
			name = InstagramSwiftUIUITests;
			productName = InstagramSwiftUIUITests;
			productReference = 2E58B38E29A6FFC200443DAA /* InstagramSwiftUIUITests.xctest */;
			productType = "com.apple.product-type.bundle.ui-testing";
		};
/* End PBXNativeTarget section */

/* Begin PBXProject section */
		2E58B36B29A6FFC100443DAA /* Project object */ = {
			isa = PBXProject;
			attributes = {
				BuildIndependentTargetsInParallel = 1;
				LastSwiftUpdateCheck = 1420;
				LastUpgradeCheck = 1420;
				TargetAttributes = {
					2E58B37229A6FFC100443DAA = {
						CreatedOnToolsVersion = 14.2;
					};
					2E58B38329A6FFC200443DAA = {
						CreatedOnToolsVersion = 14.2;
						TestTargetID = 2E58B37229A6FFC100443DAA;
					};
					2E58B38D29A6FFC200443DAA = {
						CreatedOnToolsVersion = 14.2;
						TestTargetID = 2E58B37229A6FFC100443DAA;
					};
				};
			};
			buildConfigurationList = 2E58B36E29A6FFC100443DAA /* Build configuration list for PBXProject "InstagramSwiftUI" */;
			compatibilityVersion = "Xcode 14.0";
			developmentRegion = en;
			hasScannedForEncodings = 0;
			knownRegions = (
				en,
				Base,
			);
			mainGroup = 2E58B36A29A6FFC100443DAA;
			productRefGroup = 2E58B37429A6FFC100443DAA /* Products */;
			projectDirPath = "";
			projectRoot = "";
			targets = (
				2E58B37229A6FFC100443DAA /* InstagramSwiftUI */,
				2E58B38329A6FFC200443DAA /* InstagramSwiftUITests */,
				2E58B38D29A6FFC200443DAA /* InstagramSwiftUIUITests */,
			);
		};
/* End PBXProject section */

/* Begin PBXResourcesBuildPhase section */
		2E58B37129A6FFC100443DAA /* Resources */ = {
			isa = PBXResourcesBuildPhase;
			buildActionMask = 2147483647;
			files = (
				2E58B37F29A6FFC200443DAA /* Preview Assets.xcassets in Resources */,
				2E58B37B29A6FFC200443DAA /* Assets.xcassets in Resources */,
			);
			runOnlyForDeploymentPostprocessing = 0;
		};
		2E58B38229A6FFC200443DAA /* Resources */ = {
			isa = PBXResourcesBuildPhase;
			buildActionMask = 2147483647;
			files = (
			);
			runOnlyForDeploymentPostprocessing = 0;
		};
		2E58B38C29A6FFC200443DAA /* Resources */ = {
			isa = PBXResourcesBuildPhase;
			buildActionMask = 2147483647;
			files = (
			);
			runOnlyForDeploymentPostprocessing = 0;
		};
/* End PBXResourcesBuildPhase section */

/* Begin PBXSourcesBuildPhase section */
		2E58B36F29A6FFC100443DAA /* Sources */ = {
			isa = PBXSourcesBuildPhase;
			buildActionMask = 2147483647;
			files = (
				2E58B37929A6FFC100443DAA /* ContentView.swift in Sources */,
				2E58B37729A6FFC100443DAA /* InstagramSwiftUIApp.swift in Sources */,
			);
			runOnlyForDeploymentPostprocessing = 0;
		};
		2E58B38029A6FFC200443DAA /* Sources */ = {
			isa = PBXSourcesBuildPhase;
			buildActionMask = 2147483647;
			files = (
				2E58B38929A6FFC200443DAA /* InstagramSwiftUITests.swift in Sources */,
			);
			runOnlyForDeploymentPostprocessing = 0;
		};
		2E58B38A29A6FFC200443DAA /* Sources */ = {
			isa = PBXSourcesBuildPhase;
			buildActionMask = 2147483647;
			files = (
				2E58B39329A6FFC200443DAA /* InstagramSwiftUIUITests.swift in Sources */,
				2E58B39529A6FFC200443DAA /* InstagramSwiftUIUITestsLaunchTests.swift in Sources */,
			);
			runOnlyForDeploymentPostprocessing = 0;
		};
/* End PBXSourcesBuildPhase section */

/* Begin PBXTargetDependency section */
		2E58B38629A6FFC200443DAA /* PBXTargetDependency */ = {
			isa = PBXTargetDependency;
			target = 2E58B37229A6FFC100443DAA /* InstagramSwiftUI */;
			targetProxy = 2E58B38529A6FFC200443DAA /* PBXContainerItemProxy */;
		};
		2E58B39029A6FFC200443DAA /* PBXTargetDependency */ = {
			isa = PBXTargetDependency;
			target = 2E58B37229A6FFC100443DAA /* InstagramSwiftUI */;
			targetProxy = 2E58B38F29A6FFC200443DAA /* PBXContainerItemProxy */;
		};
/* End PBXTargetDependency section */

/* Begin XCBuildConfiguration section */
		2E58B39629A6FFC200443DAA /* Debug */ = {
			isa = XCBuildConfiguration;
			buildSettings = {
				ALWAYS_SEARCH_USER_PATHS = NO;
				CLANG_ANALYZER_NONNULL = YES;
				CLANG_ANALYZER_NUMBER_OBJECT_CONVERSION = YES_AGGRESSIVE;
				CLANG_CXX_LANGUAGE_STANDARD = "gnu++20";
				CLANG_ENABLE_MODULES = YES;
				CLANG_ENABLE_OBJC_ARC = YES;
				CLANG_ENABLE_OBJC_WEAK = YES;
				CLANG_WARN_BLOCK_CAPTURE_AUTORELEASING = YES;
				CLANG_WARN_BOOL_CONVERSION = YES;
				CLANG_WARN_COMMA = YES;
				CLANG_WARN_CONSTANT_CONVERSION = YES;
				CLANG_WARN_DEPRECATED_OBJC_IMPLEMENTATIONS = YES;
				CLANG_WARN_DIRECT_OBJC_ISA_USAGE = YES_ERROR;
				CLANG_WARN_DOCUMENTATION_COMMENTS = YES;
				CLANG_WARN_EMPTY_BODY = YES;
				CLANG_WARN_ENUM_CONVERSION = YES;
				CLANG_WARN_INFINITE_RECURSION = YES;
				CLANG_WARN_INT_CONVERSION = YES;
				CLANG_WARN_NON_LITERAL_NULL_CONVERSION = YES;
				CLANG_WARN_OBJC_IMPLICIT_RETAIN_SELF = YES;
				CLANG_WARN_OBJC_LITERAL_CONVERSION = YES;
				CLANG_WARN_OBJC_ROOT_CLASS = YES_ERROR;
				CLANG_WARN_QUOTED_INCLUDE_IN_FRAMEWORK_HEADER = YES;
				CLANG_WARN_RANGE_LOOP_ANALYSIS = YES;
				CLANG_WARN_STRICT_PROTOTYPES = YES;
				CLANG_WARN_SUSPICIOUS_MOVE = YES;
				CLANG_WARN_UNGUARDED_AVAILABILITY = YES_AGGRESSIVE;
				CLANG_WARN_UNREACHABLE_CODE = YES;
				CLANG_WARN__DUPLICATE_METHOD_MATCH = YES;
				COPY_PHASE_STRIP = NO;
				DEBUG_INFORMATION_FORMAT = dwarf;
				ENABLE_STRICT_OBJC_MSGSEND = YES;
				ENABLE_TESTABILITY = YES;
				GCC_C_LANGUAGE_STANDARD = gnu11;
				GCC_DYNAMIC_NO_PIC = NO;
				GCC_NO_COMMON_BLOCKS = YES;
				GCC_OPTIMIZATION_LEVEL = 0;
				GCC_PREPROCESSOR_DEFINITIONS = (
					"DEBUG=1",
					"$(inherited)",
				);
				GCC_WARN_64_TO_32_BIT_CONVERSION = YES;
				GCC_WARN_ABOUT_RETURN_TYPE = YES_ERROR;
				GCC_WARN_UNDECLARED_SELECTOR = YES;
				GCC_WARN_UNINITIALIZED_AUTOS = YES_AGGRESSIVE;
				GCC_WARN_UNUSED_FUNCTION = YES;
				GCC_WARN_UNUSED_VARIABLE = YES;
				MTL_ENABLE_DEBUG_INFO = INCLUDE_SOURCE;
				MTL_FAST_MATH = YES;
				ONLY_ACTIVE_ARCH = YES;
				SWIFT_ACTIVE_COMPILATION_CONDITIONS = DEBUG;
				SWIFT_OPTIMIZATION_LEVEL = "-Onone";
			};
			name = Debug;
		};
		2E58B39729A6FFC200443DAA /* Release */ = {
			isa = XCBuildConfiguration;
			buildSettings = {
				ALWAYS_SEARCH_USER_PATHS = NO;
				CLANG_ANALYZER_NONNULL = YES;
				CLANG_ANALYZER_NUMBER_OBJECT_CONVERSION = YES_AGGRESSIVE;
				CLANG_CXX_LANGUAGE_STANDARD = "gnu++20";
				CLANG_ENABLE_MODULES = YES;
				CLANG_ENABLE_OBJC_ARC = YES;
				CLANG_ENABLE_OBJC_WEAK = YES;
				CLANG_WARN_BLOCK_CAPTURE_AUTORELEASING = YES;
				CLANG_WARN_BOOL_CONVERSION = YES;
				CLANG_WARN_COMMA = YES;
				CLANG_WARN_CONSTANT_CONVERSION = YES;
				CLANG_WARN_DEPRECATED_OBJC_IMPLEMENTATIONS = YES;
				CLANG_WARN_DIRECT_OBJC_ISA_USAGE = YES_ERROR;
				CLANG_WARN_DOCUMENTATION_COMMENTS = YES;
				CLANG_WARN_EMPTY_BODY = YES;
				CLANG_WARN_ENUM_CONVERSION = YES;
				CLANG_WARN_INFINITE_RECURSION = YES;
				CLANG_WARN_INT_CONVERSION = YES;
				CLANG_WARN_NON_LITERAL_NULL_CONVERSION = YES;
				CLANG_WARN_OBJC_IMPLICIT_RETAIN_SELF = YES;
				CLANG_WARN_OBJC_LITERAL_CONVERSION = YES;
				CLANG_WARN_OBJC_ROOT_CLASS = YES_ERROR;
				CLANG_WARN_QUOTED_INCLUDE_IN_FRAMEWORK_HEADER = YES;
				CLANG_WARN_RANGE_LOOP_ANALYSIS = YES;
				CLANG_WARN_STRICT_PROTOTYPES = YES;
				CLANG_WARN_SUSPICIOUS_MOVE = YES;
				CLANG_WARN_UNGUARDED_AVAILABILITY = YES_AGGRESSIVE;
				CLANG_WARN_UNREACHABLE_CODE = YES;
				CLANG_WARN__DUPLICATE_METHOD_MATCH = YES;
				COPY_PHASE_STRIP = NO;
				DEBUG_INFORMATION_FORMAT = "dwarf-with-dsym";
				ENABLE_NS_ASSERTIONS = NO;
				ENABLE_STRICT_OBJC_MSGSEND = YES;
				GCC_C_LANGUAGE_STANDARD = gnu11;
				GCC_NO_COMMON_BLOCKS = YES;
				GCC_WARN_64_TO_32_BIT_CONVERSION = YES;
				GCC_WARN_ABOUT_RETURN_TYPE = YES_ERROR;
				GCC_WARN_UNDECLARED_SELECTOR = YES;
				GCC_WARN_UNINITIALIZED_AUTOS = YES_AGGRESSIVE;
				GCC_WARN_UNUSED_FUNCTION = YES;
				GCC_WARN_UNUSED_VARIABLE = YES;
				MTL_ENABLE_DEBUG_INFO = NO;
				MTL_FAST_MATH = YES;
				SWIFT_COMPILATION_MODE = wholemodule;
				SWIFT_OPTIMIZATION_LEVEL = "-O";
			};
			name = Release;
		};
		2E58B39929A6FFC200443DAA /* Debug */ = {
			isa = XCBuildConfiguration;
			buildSettings = {
				ASSETCATALOG_COMPILER_APPICON_NAME = AppIcon;
				ASSETCATALOG_COMPILER_GLOBAL_ACCENT_COLOR_NAME = AccentColor;
				CODE_SIGN_ENTITLEMENTS = InstagramSwiftUI/InstagramSwiftUI.entitlements;
				CODE_SIGN_STYLE = Automatic;
				CURRENT_PROJECT_VERSION = 1;
				DEVELOPMENT_ASSET_PATHS = "\"InstagramSwiftUI/Preview Content\"";
				DEVELOPMENT_TEAM = 2UHJYA9AH6;
				ENABLE_HARDENED_RUNTIME = YES;
				ENABLE_PREVIEWS = YES;
				GENERATE_INFOPLIST_FILE = YES;
				"INFOPLIST_KEY_UIApplicationSceneManifest_Generation[sdk=iphoneos*]" = YES;
				"INFOPLIST_KEY_UIApplicationSceneManifest_Generation[sdk=iphonesimulator*]" = YES;
				"INFOPLIST_KEY_UIApplicationSupportsIndirectInputEvents[sdk=iphoneos*]" = YES;
				"INFOPLIST_KEY_UIApplicationSupportsIndirectInputEvents[sdk=iphonesimulator*]" = YES;
				"INFOPLIST_KEY_UILaunchScreen_Generation[sdk=iphoneos*]" = YES;
				"INFOPLIST_KEY_UILaunchScreen_Generation[sdk=iphonesimulator*]" = YES;
				"INFOPLIST_KEY_UIStatusBarStyle[sdk=iphoneos*]" = UIStatusBarStyleDefault;
				"INFOPLIST_KEY_UIStatusBarStyle[sdk=iphonesimulator*]" = UIStatusBarStyleDefault;
				INFOPLIST_KEY_UISupportedInterfaceOrientations_iPad = "UIInterfaceOrientationPortrait UIInterfaceOrientationPortraitUpsideDown UIInterfaceOrientationLandscapeLeft UIInterfaceOrientationLandscapeRight";
				INFOPLIST_KEY_UISupportedInterfaceOrientations_iPhone = "UIInterfaceOrientationPortrait UIInterfaceOrientationLandscapeLeft UIInterfaceOrientationLandscapeRight";
				IPHONEOS_DEPLOYMENT_TARGET = 16.2;
				LD_RUNPATH_SEARCH_PATHS = "@executable_path/Frameworks";
				"LD_RUNPATH_SEARCH_PATHS[sdk=macosx*]" = "@executable_path/../Frameworks";
				MACOSX_DEPLOYMENT_TARGET = 13.1;
				MARKETING_VERSION = 1.0;
				PRODUCT_BUNDLE_IDENTIFIER = com.yunjia.InstagramSwiftUI;
				PRODUCT_NAME = "$(TARGET_NAME)";
				SDKROOT = auto;
				SUPPORTED_PLATFORMS = "iphoneos iphonesimulator macosx";
				SWIFT_EMIT_LOC_STRINGS = YES;
				SWIFT_VERSION = 5.0;
				TARGETED_DEVICE_FAMILY = "1,2";
			};
			name = Debug;
		};
		2E58B39A29A6FFC200443DAA /* Release */ = {
			isa = XCBuildConfiguration;
			buildSettings = {
				ASSETCATALOG_COMPILER_APPICON_NAME = AppIcon;
				ASSETCATALOG_COMPILER_GLOBAL_ACCENT_COLOR_NAME = AccentColor;
				CODE_SIGN_ENTITLEMENTS = InstagramSwiftUI/InstagramSwiftUI.entitlements;
				CODE_SIGN_STYLE = Automatic;
				CURRENT_PROJECT_VERSION = 1;
				DEVELOPMENT_ASSET_PATHS = "\"InstagramSwiftUI/Preview Content\"";
				DEVELOPMENT_TEAM = 2UHJYA9AH6;
				ENABLE_HARDENED_RUNTIME = YES;
				ENABLE_PREVIEWS = YES;
				GENERATE_INFOPLIST_FILE = YES;
				"INFOPLIST_KEY_UIApplicationSceneManifest_Generation[sdk=iphoneos*]" = YES;
				"INFOPLIST_KEY_UIApplicationSceneManifest_Generation[sdk=iphonesimulator*]" = YES;
				"INFOPLIST_KEY_UIApplicationSupportsIndirectInputEvents[sdk=iphoneos*]" = YES;
				"INFOPLIST_KEY_UIApplicationSupportsIndirectInputEvents[sdk=iphonesimulator*]" = YES;
				"INFOPLIST_KEY_UILaunchScreen_Generation[sdk=iphoneos*]" = YES;
				"INFOPLIST_KEY_UILaunchScreen_Generation[sdk=iphonesimulator*]" = YES;
				"INFOPLIST_KEY_UIStatusBarStyle[sdk=iphoneos*]" = UIStatusBarStyleDefault;
				"INFOPLIST_KEY_UIStatusBarStyle[sdk=iphonesimulator*]" = UIStatusBarStyleDefault;
				INFOPLIST_KEY_UISupportedInterfaceOrientations_iPad = "UIInterfaceOrientationPortrait UIInterfaceOrientationPortraitUpsideDown UIInterfaceOrientationLandscapeLeft UIInterfaceOrientationLandscapeRight";
				INFOPLIST_KEY_UISupportedInterfaceOrientations_iPhone = "UIInterfaceOrientationPortrait UIInterfaceOrientationLandscapeLeft UIInterfaceOrientationLandscapeRight";
				IPHONEOS_DEPLOYMENT_TARGET = 16.2;
				LD_RUNPATH_SEARCH_PATHS = "@executable_path/Frameworks";
				"LD_RUNPATH_SEARCH_PATHS[sdk=macosx*]" = "@executable_path/../Frameworks";
				MACOSX_DEPLOYMENT_TARGET = 13.1;
				MARKETING_VERSION = 1.0;
				PRODUCT_BUNDLE_IDENTIFIER = com.yunjia.InstagramSwiftUI;
				PRODUCT_NAME = "$(TARGET_NAME)";
				SDKROOT = auto;
				SUPPORTED_PLATFORMS = "iphoneos iphonesimulator macosx";
				SWIFT_EMIT_LOC_STRINGS = YES;
				SWIFT_VERSION = 5.0;
				TARGETED_DEVICE_FAMILY = "1,2";
			};
			name = Release;
		};
		2E58B39C29A6FFC200443DAA /* Debug */ = {
			isa = XCBuildConfiguration;
			buildSettings = {
				ALWAYS_EMBED_SWIFT_STANDARD_LIBRARIES = YES;
				BUNDLE_LOADER = "$(TEST_HOST)";
				CODE_SIGN_STYLE = Automatic;
				CURRENT_PROJECT_VERSION = 1;
				DEVELOPMENT_TEAM = 2UHJYA9AH6;
				GENERATE_INFOPLIST_FILE = YES;
				IPHONEOS_DEPLOYMENT_TARGET = 16.2;
				MACOSX_DEPLOYMENT_TARGET = 13.1;
				MARKETING_VERSION = 1.0;
				PRODUCT_BUNDLE_IDENTIFIER = com.yunjia.InstagramSwiftUITests;
				PRODUCT_NAME = "$(TARGET_NAME)";
				SDKROOT = auto;
				SUPPORTED_PLATFORMS = "iphoneos iphonesimulator macosx";
				SWIFT_EMIT_LOC_STRINGS = NO;
				SWIFT_VERSION = 5.0;
				TARGETED_DEVICE_FAMILY = "1,2";
				TEST_HOST = "$(BUILT_PRODUCTS_DIR)/InstagramSwiftUI.app/$(BUNDLE_EXECUTABLE_FOLDER_PATH)/InstagramSwiftUI";
			};
			name = Debug;
		};
		2E58B39D29A6FFC200443DAA /* Release */ = {
			isa = XCBuildConfiguration;
			buildSettings = {
				ALWAYS_EMBED_SWIFT_STANDARD_LIBRARIES = YES;
				BUNDLE_LOADER = "$(TEST_HOST)";
				CODE_SIGN_STYLE = Automatic;
				CURRENT_PROJECT_VERSION = 1;
				DEVELOPMENT_TEAM = 2UHJYA9AH6;
				GENERATE_INFOPLIST_FILE = YES;
				IPHONEOS_DEPLOYMENT_TARGET = 16.2;
				MACOSX_DEPLOYMENT_TARGET = 13.1;
				MARKETING_VERSION = 1.0;
				PRODUCT_BUNDLE_IDENTIFIER = com.yunjia.InstagramSwiftUITests;
				PRODUCT_NAME = "$(TARGET_NAME)";
				SDKROOT = auto;
				SUPPORTED_PLATFORMS = "iphoneos iphonesimulator macosx";
				SWIFT_EMIT_LOC_STRINGS = NO;
				SWIFT_VERSION = 5.0;
				TARGETED_DEVICE_FAMILY = "1,2";
				TEST_HOST = "$(BUILT_PRODUCTS_DIR)/InstagramSwiftUI.app/$(BUNDLE_EXECUTABLE_FOLDER_PATH)/InstagramSwiftUI";
			};
			name = Release;
		};
		2E58B39F29A6FFC200443DAA /* Debug */ = {
			isa = XCBuildConfiguration;
			buildSettings = {
				ALWAYS_EMBED_SWIFT_STANDARD_LIBRARIES = YES;
				CODE_SIGN_STYLE = Automatic;
				CURRENT_PROJECT_VERSION = 1;
				DEVELOPMENT_TEAM = 2UHJYA9AH6;
				GENERATE_INFOPLIST_FILE = YES;
				IPHONEOS_DEPLOYMENT_TARGET = 16.2;
				MACOSX_DEPLOYMENT_TARGET = 13.1;
				MARKETING_VERSION = 1.0;
				PRODUCT_BUNDLE_IDENTIFIER = com.yunjia.InstagramSwiftUIUITests;
				PRODUCT_NAME = "$(TARGET_NAME)";
				SDKROOT = auto;
				SUPPORTED_PLATFORMS = "iphoneos iphonesimulator macosx";
				SWIFT_EMIT_LOC_STRINGS = NO;
				SWIFT_VERSION = 5.0;
				TARGETED_DEVICE_FAMILY = "1,2";
				TEST_TARGET_NAME = InstagramSwiftUI;
			};
			name = Debug;
		};
		2E58B3A029A6FFC200443DAA /* Release */ = {
			isa = XCBuildConfiguration;
			buildSettings = {
				ALWAYS_EMBED_SWIFT_STANDARD_LIBRARIES = YES;
				CODE_SIGN_STYLE = Automatic;
				CURRENT_PROJECT_VERSION = 1;
				DEVELOPMENT_TEAM = 2UHJYA9AH6;
				GENERATE_INFOPLIST_FILE = YES;
				IPHONEOS_DEPLOYMENT_TARGET = 16.2;
				MACOSX_DEPLOYMENT_TARGET = 13.1;
				MARKETING_VERSION = 1.0;
				PRODUCT_BUNDLE_IDENTIFIER = com.yunjia.InstagramSwiftUIUITests;
				PRODUCT_NAME = "$(TARGET_NAME)";
				SDKROOT = auto;
				SUPPORTED_PLATFORMS = "iphoneos iphonesimulator macosx";
				SWIFT_EMIT_LOC_STRINGS = NO;
				SWIFT_VERSION = 5.0;
				TARGETED_DEVICE_FAMILY = "1,2";
				TEST_TARGET_NAME = InstagramSwiftUI;
			};
			name = Release;
		};
/* End XCBuildConfiguration section */

/* Begin XCConfigurationList section */
		2E58B36E29A6FFC100443DAA /* Build configuration list for PBXProject "InstagramSwiftUI" */ = {
			isa = XCConfigurationList;
			buildConfigurations = (
				2E58B39629A6FFC200443DAA /* Debug */,
				2E58B39729A6FFC200443DAA /* Release */,
			);
			defaultConfigurationIsVisible = 0;
			defaultConfigurationName = Release;
		};
		2E58B39829A6FFC200443DAA /* Build configuration list for PBXNativeTarget "InstagramSwiftUI" */ = {
			isa = XCConfigurationList;
			buildConfigurations = (
				2E58B39929A6FFC200443DAA /* Debug */,
				2E58B39A29A6FFC200443DAA /* Release */,
			);
			defaultConfigurationIsVisible = 0;
			defaultConfigurationName = Release;
		};
		2E58B39B29A6FFC200443DAA /* Build configuration list for PBXNativeTarget "InstagramSwiftUITests" */ = {
			isa = XCConfigurationList;
			buildConfigurations = (
				2E58B39C29A6FFC200443DAA /* Debug */,
				2E58B39D29A6FFC200443DAA /* Release */,
			);
			defaultConfigurationIsVisible = 0;
			defaultConfigurationName = Release;
		};
		2E58B39E29A6FFC200443DAA /* Build configuration list for PBXNativeTarget "InstagramSwiftUIUITests" */ = {
			isa = XCConfigurationList;
			buildConfigurations = (
				2E58B39F29A6FFC200443DAA /* Debug */,
				2E58B3A029A6FFC200443DAA /* Release */,
			);
			defaultConfigurationIsVisible = 0;
			defaultConfigurationName = Release;
		};
/* End XCConfigurationList section */
	};
	rootObject = 2E58B36B29A6FFC100443DAA /* Project object */;
}
